
Microsoft Visual Studio Solution File, Format Version 12.00
# Visual Studio Version 16
VisualStudioVersion = 16.0.31321.278
MinimumVisualStudioVersion = 10.0.40219.1
Project("{FAE04EC0-301F-11D3-BF4B-00C04F79EFBC}") = "array_jakob_cook", "array_jakob_cook\array_jakob_cook.csproj", "{453E7A83-351D-4109-A704-16D5FC504FE1}"
EndProject
Global
	GlobalSection(SolutionConfigurationPlatforms) = preSolution
		Debug|Any CPU = Debug|Any CPU
		Release|Any CPU = Release|Any CPU
	EndGlobalSection
	GlobalSection(ProjectConfigurationPlatforms) = postSolution
		{453E7A83-351D-4109-A704-16D5FC504FE1}.Debug|Any CPU.ActiveCfg = Debug|Any CPU
		{453E7A83-351D-4109-A704-16D5FC504FE1}.Debug|Any CPU.Build.0 = Debug|Any CPU
		{453E7A83-351D-4109-A704-16D5FC504FE1}.Release|Any CPU.ActiveCfg = Release|Any CPU
		{453E7A83-351D-4109-A704-16D5FC504FE1}.Release|Any CPU.Build.0 = Release|Any CPU
	EndGlobalSection
	GlobalSection(SolutionProperties) = preSolution
		HideSolutionNode = FALSE
	EndGlobalSection
	GlobalSection(ExtensibilityGlobals) = postSolution
		SolutionGuid = {E4034B9B-14F2-409E-AFFB-ECABF1F18195}
	EndGlobalSection
EndGlobal
